Microsoft Visual Studio Solution File, Format Version 11.00
# Visual Studio 2008

Project("{41DE0E4D-AAFD-1DDB-AC10-72EA3299FEB4}") = "Don't Shoot the Puppy", "Assembly-CSharp.csproj", "{4F854D21-31A1-254D-E30C-A1C5346AE6BE}"
EndProject
Global
	GlobalSection(SolutionConfigurationPlatforms) = preSolution
		Debug|Any CPU = Debug|Any CPU
		Release|Any CPU = Release|Any CPU
	EndGlobalSection
	GlobalSection(ProjectConfigurationPlatforms) = postSolution
		{4F854D21-31A1-254D-E30C-A1C5346AE6BE}.Debug|Any CPU.ActiveCfg = Debug|Any CPU
		{4F854D21-31A1-254D-E30C-A1C5346AE6BE}.Debug|Any CPU.Build.0 = Debug|Any CPU
		{4F854D21-31A1-254D-E30C-A1C5346AE6BE}.Release|Any CPU.ActiveCfg = Release|Any CPU
		{4F854D21-31A1-254D-E30C-A1C5346AE6BE}.Release|Any CPU.Build.0 = Release|Any CPU
	EndGlobalSection
	GlobalSection(SolutionProperties) = preSolution
		HideSolutionNode = FALSE
	EndGlobalSection
																																																																																																																																																																																			GlobalSection(MonoDevelopProperties) = preSolution
		StartupItem = Assembly-CSharp.csproj
		Policies = $0
		$0.TextStylePolicy = $1
		$1.inheritsSet = null
		$1.scope = text/x-csharp
		$0.CSharpFormattingPolicy = $2
		$2.inheritsSet = Mono
		$2.inheritsScope = text/x-csharp
		$2.scope = text/x-csharp
		$0.TextStylePolicy = $3
		$3.FileWidth = 120
		$3.TabWidth = 4
		$3.EolMarker = Unix
		$3.inheritsSet = Mono
		$3.inheritsScope = text/plain
		$3.scope = text/plain
	EndGlobalSection

EndGlobal
